github.com/minroute/be v0.0.0-20221213163047-20120c84505c h1:yKPuBaJEDesxVYhjMatFRa7JgsVzFs/2+bnw6DFYkZg=
github.com/minroute/be v0.0.0-20221213163047-20120c84505c/go.mod h1:1A1ViYyJjmuBmb3EeYUkSdCwwb6Wa9Dd/PUYh5IHmcU=
github.com/minroute/structure v0.0.0-20221208165458-aa640102902b h1:khgyaUqUDU6newSE+3meB691neo/r14TSBo5uB3orZk=
github.com/minroute/structure v0.0.0-20221208165458-aa640102902b/go.mod h1:gUGXjC6PKNBjC10Zm+zTZtG7Nri/lN+jU3oVYFgaO6U=
